
Microsoft Visual Studio Solution File, Format Version 12.00
# Visual Studio 2012
Project("{FAE04EC0-301F-11D3-BF4B-00C04F79EFBC}") = "R7.News", "R7.News\R7.News.csproj", "{484911EF-DDCA-4B47-8975-D983AD7397B4}"
EndProject
Project("{FAE04EC0-301F-11D3-BF4B-00C04F79EFBC}") = "R7.News.Agent", "R7.News.Agent\R7.News.Agent.csproj", "{9C5EB53D-505F-4665-933C-774C650EA072}"
EndProject
Project("{FAE04EC0-301F-11D3-BF4B-00C04F79EFBC}") = "R7.News.Stream", "R7.News.Stream\R7.News.Stream.csproj", "{8500A43C-923D-43B3-9288-BB1239A45BA7}"
EndProject
Project("{FAE04EC0-301F-11D3-BF4B-00C04F79EFBC}") = "R7.News.Tests", "R7.News.Tests\R7.News.Tests.csproj", "{9FE86FB8-58D5-466F-BC6C-294744565EAB}"
EndProject
Project("{FAE04EC0-301F-11D3-BF4B-00C04F79EFBC}") = "Deploy", "Deploy\Deploy.csproj", "{5193C759-D066-47C2-84A8-1EB4159F4C34}"
EndProject
Global
	GlobalSection(SolutionConfigurationPlatforms) = preSolution
		Debug|Any CPU = Debug|Any CPU
		Release|Any CPU = Release|Any CPU
	EndGlobalSection
	GlobalSection(ProjectConfigurationPlatforms) = postSolution
		{484911EF-DDCA-4B47-8975-D983AD7397B4}.Debug|Any CPU.ActiveCfg = Debug|Any CPU
		{484911EF-DDCA-4B47-8975-D983AD7397B4}.Debug|Any CPU.Build.0 = Debug|Any CPU
		{484911EF-DDCA-4B47-8975-D983AD7397B4}.Release|Any CPU.ActiveCfg = Release|Any CPU
		{484911EF-DDCA-4B47-8975-D983AD7397B4}.Release|Any CPU.Build.0 = Release|Any CPU
		{8500A43C-923D-43B3-9288-BB1239A45BA7}.Debug|Any CPU.ActiveCfg = Debug|Any CPU
		{8500A43C-923D-43B3-9288-BB1239A45BA7}.Debug|Any CPU.Build.0 = Debug|Any CPU
		{8500A43C-923D-43B3-9288-BB1239A45BA7}.Release|Any CPU.ActiveCfg = Release|Any CPU
		{8500A43C-923D-43B3-9288-BB1239A45BA7}.Release|Any CPU.Build.0 = Release|Any CPU
		{9C5EB53D-505F-4665-933C-774C650EA072}.Debug|Any CPU.ActiveCfg = Debug|Any CPU
		{9C5EB53D-505F-4665-933C-774C650EA072}.Debug|Any CPU.Build.0 = Debug|Any CPU
		{9C5EB53D-505F-4665-933C-774C650EA072}.Release|Any CPU.ActiveCfg = Release|Any CPU
		{9C5EB53D-505F-4665-933C-774C650EA072}.Release|Any CPU.Build.0 = Release|Any CPU
		{9FE86FB8-58D5-466F-BC6C-294744565EAB}.Debug|Any CPU.ActiveCfg = Debug|Any CPU
		{9FE86FB8-58D5-466F-BC6C-294744565EAB}.Debug|Any CPU.Build.0 = Debug|Any CPU
		{9FE86FB8-58D5-466F-BC6C-294744565EAB}.Release|Any CPU.ActiveCfg = Release|Any CPU
		{9FE86FB8-58D5-466F-BC6C-294744565EAB}.Release|Any CPU.Build.0 = Release|Any CPU
		{5193C759-D066-47C2-84A8-1EB4159F4C34}.Debug|Any CPU.ActiveCfg = Debug|Any CPU
		{5193C759-D066-47C2-84A8-1EB4159F4C34}.Debug|Any CPU.Build.0 = Debug|Any CPU
		{5193C759-D066-47C2-84A8-1EB4159F4C34}.Release|Any CPU.ActiveCfg = Release|Any CPU
		{5193C759-D066-47C2-84A8-1EB4159F4C34}.Release|Any CPU.Build.0 = Release|Any CPU
	EndGlobalSection
	GlobalSection(MonoDevelopProperties) = preSolution
		Policies = $0
		$0.DotNetNamingPolicy = $1
		$1.DirectoryNamespaceAssociation = PrefixedHierarchical
		$1.ResourceNamePolicy = FileName
		$0.TextStylePolicy = $2
		$2.inheritsSet = null
		$2.scope = text/x-csharp
		$0.TextStylePolicy = $3
		$3.inheritsSet = null
		$3.scope = text/x-dnn-manifest
		$0.XmlFormattingPolicy = $4
		$4.inheritsSet = null
		$4.scope = text/x-dnn-manifest
		$0.TextStylePolicy = $5
		$5.inheritsSet = null
		$5.scope = text/css
		$0.CSharpFormattingPolicy = $6
		$6.IndentSwitchBody = True
		$6.AutoPropertyFormatting = ForceOneLine
		$6.PropertyBraceStyle = NextLine
		$6.EventBraceStyle = NextLine
		$6.ElseNewLinePlacement = NewLine
		$6.CatchNewLinePlacement = NewLine
		$6.FinallyNewLinePlacement = NewLine
		$6.NewLineBeforeConstructorInitializerColon = SameLine
		$6.AfterDelegateDeclarationParameterComma = True
		$6.BeforeSizeOfParentheses = True
		$6.BeforeTypeOfParentheses = True
		$6.SpacesAfterTypecast = True
		$6.SpacesBeforeArrayDeclarationBrackets = True
		$6.MethodCallArgumentWrapping = WrapIfTooLong
		$6.MethodDeclarationParameterWrapping = WrapIfTooLong
		$6.AlignToFirstMethodDeclarationParameter = False
		$6.IndexerDeclarationParameterWrapping = WrapIfTooLong
		$6.AlignToFirstIndexerDeclarationParameter = False
		$6.IndexerArgumentWrapping = WrapIfTooLong
		$6.scope = text/x-csharp
		$6.IndentSwitchSection = False
		$6.NewLinesForBracesInProperties = False
		$6.NewLinesForBracesInAccessors = False
		$6.NewLinesForBracesInAnonymousMethods = False
		$6.NewLinesForBracesInControlBlocks = False
		$6.NewLinesForBracesInAnonymousTypes = False
		$6.NewLinesForBracesInObjectCollectionArrayInitializers = False
		$6.NewLinesForBracesInLambdaExpressionBody = False
		$6.NewLineForElse = False
		$6.NewLineForCatch = False
		$6.NewLineForFinally = False
		$6.NewLineForMembersInObjectInit = False
		$6.NewLineForMembersInAnonymousTypes = False
		$6.NewLineForClausesInQuery = False
		$6.SpacingAfterMethodDeclarationName = True
		$6.SpaceAfterMethodCallName = True
		$6.SpaceBeforeOpenSquareBracket = True
		$0.TextStylePolicy = $7
		$7.inheritsSet = null
		$7.scope = text/css
		$0.NameConventionPolicy = $8
		$8.Rules = $9
		$9.NamingRule = $10
		$10.Name = Type Parameters
		$10.AffectedEntity = TypeParameter
		$10.VisibilityMask = VisibilityMask
		$10.NamingStyle = PascalCase
		$10.IncludeInstanceMembers = True
		$10.IncludeStaticEntities = True
		$10.RequiredPrefixes = $30
		$30.String = T
		$10.RequiredSuffixes = $31
		$31.String = Exception
		$9.NamingRule = $11
		$11.Name = Types
		$11.AffectedEntity = Class, Struct, Enum, Delegate
		$11.VisibilityMask = Public
		$11.NamingStyle = PascalCase
		$11.IncludeInstanceMembers = True
		$11.IncludeStaticEntities = True
		$9.NamingRule = $12
		$12.Name = Interfaces
		$12.RequiredPrefixes = $13
		$13.String = I
		$12.AffectedEntity = Interface
		$12.VisibilityMask = Public
		$12.NamingStyle = PascalCase
		$12.IncludeInstanceMembers = True
		$12.IncludeStaticEntities = True
		$9.NamingRule = $14
		$14.Name = Attributes
		$14.RequiredSuffixes = $15
		$15.String = Attribute
		$14.AffectedEntity = CustomAttributes
		$14.VisibilityMask = Public
		$14.NamingStyle = PascalCase
		$14.IncludeInstanceMembers = True
		$14.IncludeStaticEntities = True
		$9.NamingRule = $16
		$16.Name = Event Arguments
		$16.RequiredSuffixes = $17
		$17.String = EventArgs
		$16.AffectedEntity = CustomEventArgs
		$16.VisibilityMask = Public
		$16.NamingStyle = PascalCase
		$16.IncludeInstanceMembers = True
		$16.IncludeStaticEntities = True
		$9.NamingRule = $18
		$18.Name = Exceptions
		$18.RequiredSuffixes = $19
		$19.String = Exception
		$18.AffectedEntity = CustomExceptions
		$18.VisibilityMask = VisibilityMask
		$18.NamingStyle = PascalCase
		$18.IncludeInstanceMembers = True
		$18.IncludeStaticEntities = True
		$9.NamingRule = $20
		$20.Name = Methods
		$20.AffectedEntity = Methods
		$20.VisibilityMask = Protected, Public
		$20.NamingStyle = PascalCase
		$20.IncludeInstanceMembers = True
		$20.IncludeStaticEntities = True
		$9.NamingRule = $21
		$21.Name = Static Readonly Fields
		$21.AffectedEntity = ReadonlyField
		$21.VisibilityMask = Protected, Public
		$21.NamingStyle = PascalCase
		$21.IncludeInstanceMembers = False
		$21.IncludeStaticEntities = True
		$9.NamingRule = $22
		$22.Name = Fields
		$22.AffectedEntity = Field
		$22.VisibilityMask = Protected, Public
		$22.NamingStyle = PascalCase
		$22.IncludeInstanceMembers = True
		$22.IncludeStaticEntities = True
		$9.NamingRule = $23
		$23.Name = ReadOnly Fields
		$23.AffectedEntity = ReadonlyField
		$23.VisibilityMask = Protected, Public
		$23.NamingStyle = PascalCase
		$23.IncludeInstanceMembers = True
		$23.IncludeStaticEntities = False
		$9.NamingRule = $24
		$24.Name = Constant Fields
		$24.AffectedEntity = ConstantField
		$24.VisibilityMask = Protected, Public
		$24.NamingStyle = PascalCase
		$24.IncludeInstanceMembers = True
		$24.IncludeStaticEntities = True
		$9.NamingRule = $25
		$25.Name = Events
		$25.AffectedEntity = Event
		$25.VisibilityMask = Protected, Public
		$25.NamingStyle = PascalCase
		$25.IncludeInstanceMembers = True
		$25.IncludeStaticEntities = True
		$9.NamingRule = $26
		$26.Name = Enum Members
		$26.AffectedEntity = EnumMember
		$26.VisibilityMask = VisibilityMask
		$26.NamingStyle = PascalCase
		$26.IncludeInstanceMembers = True
		$26.IncludeStaticEntities = True
		$9.NamingRule = $27
		$27.Name = Parameters
		$27.AffectedEntity = Parameter
		$27.VisibilityMask = VisibilityMask
		$27.NamingStyle = CamelCase
		$27.IncludeInstanceMembers = True
		$27.IncludeStaticEntities = True
		$9.NamingRule = $28
		$28.Name = Type Parameters
		$28.RequiredPrefixes = $29
		$29.String = T
		$28.AffectedEntity = TypeParameter
		$28.VisibilityMask = VisibilityMask
		$28.NamingStyle = PascalCase
		$28.IncludeInstanceMembers = True
		$28.IncludeStaticEntities = True
		$0.StandardHeader = $32
		$32.Text = @ \n ${FileName}\n \n Author:\n      ${AuthorName} <${AuthorEmail}>\n\n Copyright (c) ${Year} ${CopyrightHolder}\n\n This program is free software: you can redistribute it and/or modify\n it under the terms of the GNU Affero General Public License as published by\n the Free Software Foundation, either version 3 of the License, or\n (at your option) any later version.\n\n This program is distributed in the hope that it will be useful,\n but WITHOUT ANY WARRANTY; without even the implied warranty of\n MERCHANTABILITY or FITNESS FOR A PARTICULAR PURPOSE.  See the\n GNU Affero General Public License for more details.\n\n You should have received a copy of the GNU Affero General Public License\n along with this program.  If not, see <http://www.gnu.org/licenses/>.
		version = 1.7.0-ci.3
	EndGlobalSection
EndGlobal
